
Microsoft Visual Studio Solution File, Format Version 12.00
# Visual Studio Version 17
VisualStudioVersion = 17.8.34316.72
MinimumVisualStudioVersion = 10.0.40219.1
Project("{FAE04EC0-301F-11D3-BF4B-00C04F79EFBC}") = "GA_Recursion_EdnaLynnLaxa", "GA_Recursion_EdnaLynnLaxa.csproj", "{6EA99C49-A5B4-433C-9E5D-9DD2705EB242}"
EndProject
Global
	GlobalSection(SolutionConfigurationPlatforms) = preSolution
		Debug|Any CPU = Debug|Any CPU
		Release|Any CPU = Release|Any CPU
	EndGlobalSection
	GlobalSection(ProjectConfigurationPlatforms) = postSolution
		{6EA99C49-A5B4-433C-9E5D-9DD2705EB242}.Debug|Any CPU.ActiveCfg = Debug|Any CPU
		{6EA99C49-A5B4-433C-9E5D-9DD2705EB242}.Debug|Any CPU.Build.0 = Debug|Any CPU
		{6EA99C49-A5B4-433C-9E5D-9DD2705EB242}.Release|Any CPU.ActiveCfg = Release|Any CPU
		{6EA99C49-A5B4-433C-9E5D-9DD2705EB242}.Release|Any CPU.Build.0 = Release|Any CPU
	EndGlobalSection
	GlobalSection(SolutionProperties) = preSolution
		HideSolutionNode = FALSE
	EndGlobalSection
	GlobalSection(ExtensibilityGlobals) = postSolution
		SolutionGuid = {6B5B362D-3B6D-4E48-A027-AA352BEBDA22}
	EndGlobalSection
EndGlobal
